
Microsoft Visual Studio Solution File, Format Version 12.00
# Visual Studio Version 17
VisualStudioVersion = 17.4.33213.308
MinimumVisualStudioVersion = 10.0.40219.1
Project("{FAE04EC0-301F-11D3-BF4B-00C04F79EFBC}") = "Swaper", "Swaper\Swaper.csproj", "{2315AC3C-5122-46D8-928C-2374D309886C}"
EndProject
Global
	GlobalSection(SolutionConfigurationPlatforms) = preSolution
		Debug|Any CPU = Debug|Any CPU
		Release|Any CPU = Release|Any CPU
	EndGlobalSection
	GlobalSection(ProjectConfigurationPlatforms) = postSolution
		{2315AC3C-5122-46D8-928C-2374D309886C}.Debug|Any CPU.ActiveCfg = Debug|Any CPU
		{2315AC3C-5122-46D8-928C-2374D309886C}.Debug|Any CPU.Build.0 = Debug|Any CPU
		{2315AC3C-5122-46D8-928C-2374D309886C}.Release|Any CPU.ActiveCfg = Release|Any CPU
		{2315AC3C-5122-46D8-928C-2374D309886C}.Release|Any CPU.Build.0 = Release|Any CPU
	EndGlobalSection
	GlobalSection(SolutionProperties) = preSolution
		HideSolutionNode = FALSE
	EndGlobalSection
	GlobalSection(ExtensibilityGlobals) = postSolution
		SolutionGuid = {97B745A9-751E-495B-A8D3-EB2A0DF1EBFC}
	EndGlobalSection
EndGlobal
